
Microsoft Visual Studio Solution File, Format Version 12.00
# Visual Studio Version 17
VisualStudioVersion = 17.9.34728.123
MinimumVisualStudioVersion = 10.0.40219.1
Project("{2150E333-8FDC-42A3-9474-1A3956D46DE8}") = "Task0", "Task0", "{12F461FF-7762-44AE-890C-CFDE615DF1A3}"
EndProject
Project("{9A19103F-16F7-4668-BE54-9A1E7A4F7556}") = "Tyuiu.KurbanovFA.Sprint2.Task0.V10", "Tyuiu.KurbanovFA.Sprint2.Task0.V10\Tyuiu.KurbanovFA.Sprint2.Task0.V10.csproj", "{A509DC54-344E-410E-87B2-CBFF77423730}"
EndProject
Project("{9A19103F-16F7-4668-BE54-9A1E7A4F7556}") = "Tyuiu.KurbanovFA.Sprint2.Task0.V10.Lib", "Tyuiu.KurbanovFA.Sprint2.Task0.V10.Lib\Tyuiu.KurbanovFA.Sprint2.Task0.V10.Lib.csproj", "{622400F5-5598-4690-8A6D-3575FD61AF3B}"
EndProject
Project("{9A19103F-16F7-4668-BE54-9A1E7A4F7556}") = "Tyuiu.KurbanovFA.Sprint2.Task0.V10.Test", "Tyuiu.KurbanovFA.Sprint2.Task0.V10.Test\Tyuiu.KurbanovFA.Sprint2.Task0.V10.Test.csproj", "{A282D635-13E3-48F3-AADD-A0112CDEFE09}"
EndProject
Project("{2150E333-8FDC-42A3-9474-1A3956D46DE8}") = "Task1", "Task1", "{9FAEEE87-EE55-48CC-BE43-BF4B36285A07}"
EndProject
Project("{9A19103F-16F7-4668-BE54-9A1E7A4F7556}") = "Tyuiu.KurbanovFA.Sprint2.Task1.V15", "Tyuiu.KurbanovFA.Sprint2.Task1.V15\Tyuiu.KurbanovFA.Sprint2.Task1.V15.csproj", "{F83DEB48-B744-4983-A681-9A0B9A911CD4}"
EndProject
Project("{9A19103F-16F7-4668-BE54-9A1E7A4F7556}") = "Tyuiu.KurbanovFA.Sprint2.Task1.V15.Lib", "Tyuiu.KurbanovFA.Sprint2.Task1.V15.Lib\Tyuiu.KurbanovFA.Sprint2.Task1.V15.Lib.csproj", "{A3FDDB5D-18C1-4DE2-95ED-01FC18B06516}"
EndProject
Project("{9A19103F-16F7-4668-BE54-9A1E7A4F7556}") = "Tyuiu.KurbanovFA.Sprint2.Task1.V15.Test", "Tyuiu.KurbanovFA.Sprint2.Task1.V15.Test\Tyuiu.KurbanovFA.Sprint2.Task1.V15.Test.csproj", "{B7AA6524-713D-4AB7-B0D8-10B2C2DFB38B}"
EndProject
Project("{2150E333-8FDC-42A3-9474-1A3956D46DE8}") = "Task2", "Task2", "{AF990260-2608-46C3-90EF-3466AE108697}"
EndProject
Project("{9A19103F-16F7-4668-BE54-9A1E7A4F7556}") = "Tyuiu.KurbanovFA.Sprint2.Task2.V12", "Tyuiu.KurbanovFA.Sprint2.Task2.V12\Tyuiu.KurbanovFA.Sprint2.Task2.V12.csproj", "{393F6822-7D7C-4FF9-A117-6D9B8F2101C0}"
EndProject
Project("{9A19103F-16F7-4668-BE54-9A1E7A4F7556}") = "Tyuiu.KurbanovFA.Sprint2.Task2.V12.Lib", "Tyuiu.KurbanovFA.Sprint2.Task2.V12.Lib\Tyuiu.KurbanovFA.Sprint2.Task2.V12.Lib.csproj", "{79AB953A-452F-4FBF-AFC3-7CA2D66BBC2A}"
EndProject
Project("{9A19103F-16F7-4668-BE54-9A1E7A4F7556}") = "Tyuiu.KurbanovFA.Sprint2.Task2.V12.Test", "Tyuiu.KurbanovFA.Sprint2.Task2.V12.Test\Tyuiu.KurbanovFA.Sprint2.Task2.V12.Test.csproj", "{DC67FF0C-F499-4E3B-B8C5-439C3F1803E9}"
EndProject
Project("{2150E333-8FDC-42A3-9474-1A3956D46DE8}") = "Task3", "Task3", "{3D49F176-39F1-45D3-A724-163C3DF1B8C7}"
EndProject
Project("{9A19103F-16F7-4668-BE54-9A1E7A4F7556}") = "Tyuiu.KurbanovFA.Sprint2.Task3.V22", "Tyuiu.KurbanovFA.Sprint2.Task3.V22\Tyuiu.KurbanovFA.Sprint2.Task3.V22.csproj", "{ABADA308-53F8-4F28-AFB7-13BA07DE6335}"
EndProject
Project("{9A19103F-16F7-4668-BE54-9A1E7A4F7556}") = "Tyuiu.KurbanovFA.Sprint2.Task3.V22.Lib", "Tyuiu.KurbanovFA.Sprint2.Task3.V22.Lib\Tyuiu.KurbanovFA.Sprint2.Task3.V22.Lib.csproj", "{1C7EEEAC-D28F-4CC1-82A7-62E2D2E3B042}"
EndProject
Project("{9A19103F-16F7-4668-BE54-9A1E7A4F7556}") = "Tyuiu.KurbanovFA.Sprint2.Task3.V22.Test", "Tyuiu.KurbanovFA.Sprint2.Task3.V22.Test\Tyuiu.KurbanovFA.Sprint2.Task3.V22.Test.csproj", "{A4D88EDE-50B7-4D62-9703-4BE86BE2EAD9}"
EndProject
Project("{2150E333-8FDC-42A3-9474-1A3956D46DE8}") = "Task4", "Task4", "{7DD27F24-239B-40EC-A7D2-0ABDE734063E}"
EndProject
Project("{FAE04EC0-301F-11D3-BF4B-00C04F79EFBC}") = "Tyuiu.KurbanovFA.Sprint2.Task4.V6", "Tyuiu.KurbanovFA.Sprint2.Task4.V6\Tyuiu.KurbanovFA.Sprint2.Task4.V6.csproj", "{B85FE920-E773-4027-AE1B-1871D1573261}"
EndProject
Project("{FAE04EC0-301F-11D3-BF4B-00C04F79EFBC}") = "Tyuiu.KurbanovFA.Sprint2.Task4.V6.Lib", "Tyuiu.KurbanovFA.Sprint2.Task4.V6.Lib\Tyuiu.KurbanovFA.Sprint2.Task4.V6.Lib.csproj", "{6B70DC0E-82E9-4F30-B4A6-376BB9FCFB4B}"
EndProject
Project("{FAE04EC0-301F-11D3-BF4B-00C04F79EFBC}") = "Tyuiu.KurbanovFA.Sprint2.Task4.V6.Test", "Tyuiu.KurbanovFA.Sprint2.Task4.V6.Test\Tyuiu.KurbanovFA.Sprint2.Task4.V6.Test.csproj", "{7AC5A486-243C-4DC0-9268-F99956960A87}"
EndProject
Project("{2150E333-8FDC-42A3-9474-1A3956D46DE8}") = "Task5", "Task5", "{732A4064-4D38-4CC0-8C31-C00FA4D6C09D}"
EndProject
Project("{FAE04EC0-301F-11D3-BF4B-00C04F79EFBC}") = "Tyuiu.KurbanovFA.Sprint2.Task5.V11", "Tyuiu.KurbanovFA.Sprint2.Task5.V11\Tyuiu.KurbanovFA.Sprint2.Task5.V11.csproj", "{9E9DFBD0-FBA6-4C25-A65D-FEAD465423F4}"
EndProject
Project("{FAE04EC0-301F-11D3-BF4B-00C04F79EFBC}") = "Tyuiu.KurbanovFA.Sprint2.Task5.V11.Lib", "Tyuiu.KurbanovFA.Sprint2.Task5.V11.Lib\Tyuiu.KurbanovFA.Sprint2.Task5.V11.Lib.csproj", "{743CCED4-6AF8-4530-8567-A5248831DDBF}"
EndProject
Project("{FAE04EC0-301F-11D3-BF4B-00C04F79EFBC}") = "Tyuiu.KurbanovFA.Sprint2.Task5.V11.Test", "Tyuiu.KurbanovFA.Sprint2.Task5.V11.Test\Tyuiu.KurbanovFA.Sprint2.Task5.V11.Test.csproj", "{1F0D2649-2054-4AE4-AFAB-3FE4B19F7E0D}"
EndProject
Global
	GlobalSection(SolutionConfigurationPlatforms) = preSolution
		Debug|Any CPU = Debug|Any CPU
		Release|Any CPU = Release|Any CPU
	EndGlobalSection
	GlobalSection(ProjectConfigurationPlatforms) = postSolution
		{A509DC54-344E-410E-87B2-CBFF77423730}.Debug|Any CPU.ActiveCfg = Debug|Any CPU
		{A509DC54-344E-410E-87B2-CBFF77423730}.Debug|Any CPU.Build.0 = Debug|Any CPU
		{A509DC54-344E-410E-87B2-CBFF77423730}.Release|Any CPU.ActiveCfg = Release|Any CPU
		{A509DC54-344E-410E-87B2-CBFF77423730}.Release|Any CPU.Build.0 = Release|Any CPU
		{622400F5-5598-4690-8A6D-3575FD61AF3B}.Debug|Any CPU.ActiveCfg = Debug|Any CPU
		{622400F5-5598-4690-8A6D-3575FD61AF3B}.Debug|Any CPU.Build.0 = Debug|Any CPU
		{622400F5-5598-4690-8A6D-3575FD61AF3B}.Release|Any CPU.ActiveCfg = Release|Any CPU
		{622400F5-5598-4690-8A6D-3575FD61AF3B}.Release|Any CPU.Build.0 = Release|Any CPU
		{A282D635-13E3-48F3-AADD-A0112CDEFE09}.Debug|Any CPU.ActiveCfg = Debug|Any CPU
		{A282D635-13E3-48F3-AADD-A0112CDEFE09}.Debug|Any CPU.Build.0 = Debug|Any CPU
		{A282D635-13E3-48F3-AADD-A0112CDEFE09}.Release|Any CPU.ActiveCfg = Release|Any CPU
		{A282D635-13E3-48F3-AADD-A0112CDEFE09}.Release|Any CPU.Build.0 = Release|Any CPU
		{F83DEB48-B744-4983-A681-9A0B9A911CD4}.Debug|Any CPU.ActiveCfg = Debug|Any CPU
		{F83DEB48-B744-4983-A681-9A0B9A911CD4}.Debug|Any CPU.Build.0 = Debug|Any CPU
		{F83DEB48-B744-4983-A681-9A0B9A911CD4}.Release|Any CPU.ActiveCfg = Release|Any CPU
		{F83DEB48-B744-4983-A681-9A0B9A911CD4}.Release|Any CPU.Build.0 = Release|Any CPU
		{A3FDDB5D-18C1-4DE2-95ED-01FC18B06516}.Debug|Any CPU.ActiveCfg = Debug|Any CPU
		{A3FDDB5D-18C1-4DE2-95ED-01FC18B06516}.Debug|Any CPU.Build.0 = Debug|Any CPU
		{A3FDDB5D-18C1-4DE2-95ED-01FC18B06516}.Release|Any CPU.ActiveCfg = Release|Any CPU
		{A3FDDB5D-18C1-4DE2-95ED-01FC18B06516}.Release|Any CPU.Build.0 = Release|Any CPU
		{B7AA6524-713D-4AB7-B0D8-10B2C2DFB38B}.Debug|Any CPU.ActiveCfg = Debug|Any CPU
		{B7AA6524-713D-4AB7-B0D8-10B2C2DFB38B}.Debug|Any CPU.Build.0 = Debug|Any CPU
		{B7AA6524-713D-4AB7-B0D8-10B2C2DFB38B}.Release|Any CPU.ActiveCfg = Release|Any CPU
		{B7AA6524-713D-4AB7-B0D8-10B2C2DFB38B}.Release|Any CPU.Build.0 = Release|Any CPU
		{393F6822-7D7C-4FF9-A117-6D9B8F2101C0}.Debug|Any CPU.ActiveCfg = Debug|Any CPU
		{393F6822-7D7C-4FF9-A117-6D9B8F2101C0}.Debug|Any CPU.Build.0 = Debug|Any CPU
		{393F6822-7D7C-4FF9-A117-6D9B8F2101C0}.Release|Any CPU.ActiveCfg = Release|Any CPU
		{393F6822-7D7C-4FF9-A117-6D9B8F2101C0}.Release|Any CPU.Build.0 = Release|Any CPU
		{79AB953A-452F-4FBF-AFC3-7CA2D66BBC2A}.Debug|Any CPU.ActiveCfg = Debug|Any CPU
		{79AB953A-452F-4FBF-AFC3-7CA2D66BBC2A}.Debug|Any CPU.Build.0 = Debug|Any CPU
		{79AB953A-452F-4FBF-AFC3-7CA2D66BBC2A}.Release|Any CPU.ActiveCfg = Release|Any CPU
		{79AB953A-452F-4FBF-AFC3-7CA2D66BBC2A}.Release|Any CPU.Build.0 = Release|Any CPU
		{DC67FF0C-F499-4E3B-B8C5-439C3F1803E9}.Debug|Any CPU.ActiveCfg = Debug|Any CPU
		{DC67FF0C-F499-4E3B-B8C5-439C3F1803E9}.Debug|Any CPU.Build.0 = Debug|Any CPU
		{DC67FF0C-F499-4E3B-B8C5-439C3F1803E9}.Release|Any CPU.ActiveCfg = Release|Any CPU
		{DC67FF0C-F499-4E3B-B8C5-439C3F1803E9}.Release|Any CPU.Build.0 = Release|Any CPU
		{ABADA308-53F8-4F28-AFB7-13BA07DE6335}.Debug|Any CPU.ActiveCfg = Debug|Any CPU
		{ABADA308-53F8-4F28-AFB7-13BA07DE6335}.Debug|Any CPU.Build.0 = Debug|Any CPU
		{ABADA308-53F8-4F28-AFB7-13BA07DE6335}.Release|Any CPU.ActiveCfg = Release|Any CPU
		{ABADA308-53F8-4F28-AFB7-13BA07DE6335}.Release|Any CPU.Build.0 = Release|Any CPU
		{1C7EEEAC-D28F-4CC1-82A7-62E2D2E3B042}.Debug|Any CPU.ActiveCfg = Debug|Any CPU
		{1C7EEEAC-D28F-4CC1-82A7-62E2D2E3B042}.Debug|Any CPU.Build.0 = Debug|Any CPU
		{1C7EEEAC-D28F-4CC1-82A7-62E2D2E3B042}.Release|Any CPU.ActiveCfg = Release|Any CPU
		{1C7EEEAC-D28F-4CC1-82A7-62E2D2E3B042}.Release|Any CPU.Build.0 = Release|Any CPU
		{A4D88EDE-50B7-4D62-9703-4BE86BE2EAD9}.Debug|Any CPU.ActiveCfg = Debug|Any CPU
		{A4D88EDE-50B7-4D62-9703-4BE86BE2EAD9}.Debug|Any CPU.Build.0 = Debug|Any CPU
		{A4D88EDE-50B7-4D62-9703-4BE86BE2EAD9}.Release|Any CPU.ActiveCfg = Release|Any CPU
		{A4D88EDE-50B7-4D62-9703-4BE86BE2EAD9}.Release|Any CPU.Build.0 = Release|Any CPU
		{B85FE920-E773-4027-AE1B-1871D1573261}.Debug|Any CPU.ActiveCfg = Debug|Any CPU
		{B85FE920-E773-4027-AE1B-1871D1573261}.Debug|Any CPU.Build.0 = Debug|Any CPU
		{B85FE920-E773-4027-AE1B-1871D1573261}.Release|Any CPU.ActiveCfg = Release|Any CPU
		{B85FE920-E773-4027-AE1B-1871D1573261}.Release|Any CPU.Build.0 = Release|Any CPU
		{6B70DC0E-82E9-4F30-B4A6-376BB9FCFB4B}.Debug|Any CPU.ActiveCfg = Debug|Any CPU
		{6B70DC0E-82E9-4F30-B4A6-376BB9FCFB4B}.Debug|Any CPU.Build.0 = Debug|Any CPU
		{6B70DC0E-82E9-4F30-B4A6-376BB9FCFB4B}.Release|Any CPU.ActiveCfg = Release|Any CPU
		{6B70DC0E-82E9-4F30-B4A6-376BB9FCFB4B}.Release|Any CPU.Build.0 = Release|Any CPU
		{7AC5A486-243C-4DC0-9268-F99956960A87}.Debug|Any CPU.ActiveCfg = Debug|Any CPU
		{7AC5A486-243C-4DC0-9268-F99956960A87}.Debug|Any CPU.Build.0 = Debug|Any CPU
		{7AC5A486-243C-4DC0-9268-F99956960A87}.Release|Any CPU.ActiveCfg = Release|Any CPU
		{7AC5A486-243C-4DC0-9268-F99956960A87}.Release|Any CPU.Build.0 = Release|Any CPU
		{9E9DFBD0-FBA6-4C25-A65D-FEAD465423F4}.Debug|Any CPU.ActiveCfg = Debug|Any CPU
		{9E9DFBD0-FBA6-4C25-A65D-FEAD465423F4}.Debug|Any CPU.Build.0 = Debug|Any CPU
		{9E9DFBD0-FBA6-4C25-A65D-FEAD465423F4}.Release|Any CPU.ActiveCfg = Release|Any CPU
		{9E9DFBD0-FBA6-4C25-A65D-FEAD465423F4}.Release|Any CPU.Build.0 = Release|Any CPU
		{743CCED4-6AF8-4530-8567-A5248831DDBF}.Debug|Any CPU.ActiveCfg = Debug|Any CPU
		{743CCED4-6AF8-4530-8567-A5248831DDBF}.Debug|Any CPU.Build.0 = Debug|Any CPU
		{743CCED4-6AF8-4530-8567-A5248831DDBF}.Release|Any CPU.ActiveCfg = Release|Any CPU
		{743CCED4-6AF8-4530-8567-A5248831DDBF}.Release|Any CPU.Build.0 = Release|Any CPU
		{1F0D2649-2054-4AE4-AFAB-3FE4B19F7E0D}.Debug|Any CPU.ActiveCfg = Debug|Any CPU
		{1F0D2649-2054-4AE4-AFAB-3FE4B19F7E0D}.Debug|Any CPU.Build.0 = Debug|Any CPU
		{1F0D2649-2054-4AE4-AFAB-3FE4B19F7E0D}.Release|Any CPU.ActiveCfg = Release|Any CPU
		{1F0D2649-2054-4AE4-AFAB-3FE4B19F7E0D}.Release|Any CPU.Build.0 = Release|Any CPU
	EndGlobalSection
	GlobalSection(SolutionProperties) = preSolution
		HideSolutionNode = FALSE
	EndGlobalSection
	GlobalSection(NestedProjects) = preSolution
		{A509DC54-344E-410E-87B2-CBFF77423730} = {12F461FF-7762-44AE-890C-CFDE615DF1A3}
		{622400F5-5598-4690-8A6D-3575FD61AF3B} = {12F461FF-7762-44AE-890C-CFDE615DF1A3}
		{A282D635-13E3-48F3-AADD-A0112CDEFE09} = {12F461FF-7762-44AE-890C-CFDE615DF1A3}
		{F83DEB48-B744-4983-A681-9A0B9A911CD4} = {9FAEEE87-EE55-48CC-BE43-BF4B36285A07}
		{A3FDDB5D-18C1-4DE2-95ED-01FC18B06516} = {9FAEEE87-EE55-48CC-BE43-BF4B36285A07}
		{B7AA6524-713D-4AB7-B0D8-10B2C2DFB38B} = {9FAEEE87-EE55-48CC-BE43-BF4B36285A07}
		{393F6822-7D7C-4FF9-A117-6D9B8F2101C0} = {AF990260-2608-46C3-90EF-3466AE108697}
		{79AB953A-452F-4FBF-AFC3-7CA2D66BBC2A} = {AF990260-2608-46C3-90EF-3466AE108697}
		{DC67FF0C-F499-4E3B-B8C5-439C3F1803E9} = {AF990260-2608-46C3-90EF-3466AE108697}
		{ABADA308-53F8-4F28-AFB7-13BA07DE6335} = {3D49F176-39F1-45D3-A724-163C3DF1B8C7}
		{1C7EEEAC-D28F-4CC1-82A7-62E2D2E3B042} = {3D49F176-39F1-45D3-A724-163C3DF1B8C7}
		{A4D88EDE-50B7-4D62-9703-4BE86BE2EAD9} = {3D49F176-39F1-45D3-A724-163C3DF1B8C7}
		{B85FE920-E773-4027-AE1B-1871D1573261} = {7DD27F24-239B-40EC-A7D2-0ABDE734063E}
		{6B70DC0E-82E9-4F30-B4A6-376BB9FCFB4B} = {7DD27F24-239B-40EC-A7D2-0ABDE734063E}
		{7AC5A486-243C-4DC0-9268-F99956960A87} = {7DD27F24-239B-40EC-A7D2-0ABDE734063E}
		{9E9DFBD0-FBA6-4C25-A65D-FEAD465423F4} = {732A4064-4D38-4CC0-8C31-C00FA4D6C09D}
		{743CCED4-6AF8-4530-8567-A5248831DDBF} = {732A4064-4D38-4CC0-8C31-C00FA4D6C09D}
		{1F0D2649-2054-4AE4-AFAB-3FE4B19F7E0D} = {732A4064-4D38-4CC0-8C31-C00FA4D6C09D}
	EndGlobalSection
	GlobalSection(ExtensibilityGlobals) = postSolution
		SolutionGuid = {CC155A96-0B69-4FD8-B9A4-7FF8F5BD9345}
	EndGlobalSection
EndGlobal
